// !$*UTF8*$!
{
	archiveVersion = 1;
	classes = {
	};
	objectVersion = 51;
	objects = {

/* Begin PBXBuildFile section */
		107230C4E989319A22B97E96 /* Pods_TMDB_TMDBUITests.framework in Frameworks */ = {isa = PBXBuildFile; fileRef = 034FB0EEF249F34BB2C4A447 /* Pods_TMDB_TMDBUITests.framework */; };
		19AC63633B0EB4FFB199F16A /* Pods_TMDBTests.framework in Frameworks */ = {isa = PBXBuildFile; fileRef = A6CA6E688ED0535615C2CC71 /* Pods_TMDBTests.framework */; };
		2C8AE49E29DF60E6CEC44DC3 /* Pods_TMDB.framework in Frameworks */ = {isa = PBXBuildFile; fileRef = 1A1DCAE09566687908A77977 /* Pods_TMDB.framework */; };
		7C74F14D25B9E1BC00181619 /* RegisterVC.swift in Sources */ = {isa = PBXBuildFile; fileRef = 7C74F14C25B9E1BC00181619 /* RegisterVC.swift */; };
		7C74F15225B9E3CD00181619 /* LoginVC.swift in Sources */ = {isa = PBXBuildFile; fileRef = 7C74F15125B9E3CD00181619 /* LoginVC.swift */; };
		7C90D4F225BA293A00C015F8 /* Constants.swift in Sources */ = {isa = PBXBuildFile; fileRef = 7C90D4F125BA293A00C015F8 /* Constants.swift */; };
		7CEDBAB925A8B6430051CD11 /* AppDelegate.swift in Sources */ = {isa = PBXBuildFile; fileRef = 7CEDBAB825A8B6430051CD11 /* AppDelegate.swift */; };
		7CEDBABB25A8B6430051CD11 /* SceneDelegate.swift in Sources */ = {isa = PBXBuildFile; fileRef = 7CEDBABA25A8B6430051CD11 /* SceneDelegate.swift */; };
		7CEDBABD25A8B6430051CD11 /* ViewController.swift in Sources */ = {isa = PBXBuildFile; fileRef = 7CEDBABC25A8B6430051CD11 /* ViewController.swift */; };
		7CEDBAC025A8B6430051CD11 /* Main.storyboard in Resources */ = {isa = PBXBuildFile; fileRef = 7CEDBABE25A8B6430051CD11 /* Main.storyboard */; };
		7CEDBAC325A8B6430051CD11 /* TMDB.xcdatamodeld in Sources */ = {isa = PBXBuildFile; fileRef = 7CEDBAC125A8B6430051CD11 /* TMDB.xcdatamodeld */; };
		7CEDBAC525A8B6440051CD11 /* Assets.xcassets in Resources */ = {isa = PBXBuildFile; fileRef = 7CEDBAC425A8B6440051CD11 /* Assets.xcassets */; };
		7CEDBAC825A8B6440051CD11 /* LaunchScreen.storyboard in Resources */ = {isa = PBXBuildFile; fileRef = 7CEDBAC625A8B6440051CD11 /* LaunchScreen.storyboard */; };
		7CEDBAD325A8B6440051CD11 /* TMDBTests.swift in Sources */ = {isa = PBXBuildFile; fileRef = 7CEDBAD225A8B6440051CD11 /* TMDBTests.swift */; };
		7CEDBADE25A8B6440051CD11 /* TMDBUITests.swift in Sources */ = {isa = PBXBuildFile; fileRef = 7CEDBADD25A8B6440051CD11 /* TMDBUITests.swift */; };
		7CEE7E8025B9D75D006456E5 /* GoogleService-Info.plist in Resources */ = {isa = PBXBuildFile; fileRef = 7CEE7E7F25B9D75D006456E5 /* GoogleService-Info.plist */; };
/* End PBXBuildFile section */

/* Begin PBXContainerItemProxy section */
		7CEDBACF25A8B6440051CD11 /* PBXContainerItemProxy */ = {
			isa = PBXContainerItemProxy;
			containerPortal = 7CEDBAAD25A8B6430051CD11 /* Project object */;
			proxyType = 1;
			remoteGlobalIDString = 7CEDBAB425A8B6430051CD11;
			remoteInfo = TMDB;
		};
		7CEDBADA25A8B6440051CD11 /* PBXContainerItemProxy */ = {
			isa = PBXContainerItemProxy;
			containerPortal = 7CEDBAAD25A8B6430051CD11 /* Project object */;
			proxyType = 1;
			remoteGlobalIDString = 7CEDBAB425A8B6430051CD11;
			remoteInfo = TMDB;
		};
/* End PBXContainerItemProxy section */

/* Begin PBXFileReference section */
		034FB0EEF249F34BB2C4A447 /* Pods_TMDB_TMDBUITests.framework */ = {isa = PBXFileReference; explicitFileType = wrapper.framework; includeInIndex = 0; path = Pods_TMDB_TMDBUITests.framework; sourceTree = BUILT_PRODUCTS_DIR; };
		1A1DCAE09566687908A77977 /* Pods_TMDB.framework */ = {isa = PBXFileReference; explicitFileType = wrapper.framework; includeInIndex = 0; path = Pods_TMDB.framework; sourceTree = BUILT_PRODUCTS_DIR; };
		35A7876087ADC7CD06CDEA66 /* Pods-TMDBTests.release.xcconfig */ = {isa = PBXFileReference; includeInIndex = 1; lastKnownFileType = text.xcconfig; name = "Pods-TMDBTests.release.xcconfig"; path = "Target Support Files/Pods-TMDBTests/Pods-TMDBTests.release.xcconfig"; sourceTree = "<group>"; };
		381A8EB4CB71E2F11480FB4D /* Pods-TMDB.debug.xcconfig */ = {isa = PBXFileReference; includeInIndex = 1; lastKnownFileType = text.xcconfig; name = "Pods-TMDB.debug.xcconfig"; path = "Target Support Files/Pods-TMDB/Pods-TMDB.debug.xcconfig"; sourceTree = "<group>"; };
		6E7D09014AEB5BEB90C5B18A /* Pods-TMDB-TMDBUITests.release.xcconfig */ = {isa = PBXFileReference; includeInIndex = 1; lastKnownFileType = text.xcconfig; name = "Pods-TMDB-TMDBUITests.release.xcconfig"; path = "Target Support Files/Pods-TMDB-TMDBUITests/Pods-TMDB-TMDBUITests.release.xcconfig"; sourceTree = "<group>"; };
		7C74F14C25B9E1BC00181619 /* RegisterVC.swift */ = {isa = PBXFileReference; lastKnownFileType = sourcecode.swift; path = RegisterVC.swift; sourceTree = "<group>"; };
		7C74F15125B9E3CD00181619 /* LoginVC.swift */ = {isa = PBXFileReference; lastKnownFileType = sourcecode.swift; path = LoginVC.swift; sourceTree = "<group>"; };
		7C90D4F125BA293A00C015F8 /* Constants.swift */ = {isa = PBXFileReference; lastKnownFileType = sourcecode.swift; path = Constants.swift; sourceTree = "<group>"; };
		7CEDBAB525A8B6430051CD11 /* TMDB.app */ = {isa = PBXFileReference; explicitFileType = wrapper.application; includeInIndex = 0; path = TMDB.app; sourceTree = BUILT_PRODUCTS_DIR; };
		7CEDBAB825A8B6430051CD11 /* AppDelegate.swift */ = {isa = PBXFileReference; lastKnownFileType = sourcecode.swift; path = AppDelegate.swift; sourceTree = "<group>"; };
		7CEDBABA25A8B6430051CD11 /* SceneDelegate.swift */ = {isa = PBXFileReference; lastKnownFileType = sourcecode.swift; path = SceneDelegate.swift; sourceTree = "<group>"; };
		7CEDBABC25A8B6430051CD11 /* ViewController.swift */ = {isa = PBXFileReference; lastKnownFileType = sourcecode.swift; path = ViewController.swift; sourceTree = "<group>"; };
		7CEDBABF25A8B6430051CD11 /* Base */ = {isa = PBXFileReference; lastKnownFileType = file.storyboard; name = Base; path = Base.lproj/Main.storyboard; sourceTree = "<group>"; };
		7CEDBAC225A8B6430051CD11 /* TMDB.xcdatamodel */ = {isa = PBXFileReference; lastKnownFileType = wrapper.xcdatamodel; path = TMDB.xcdatamodel; sourceTree = "<group>"; };
		7CEDBAC425A8B6440051CD11 /* Assets.xcassets */ = {isa = PBXFileReference; lastKnownFileType = folder.assetcatalog; path = Assets.xcassets; sourceTree = "<group>"; };
		7CEDBAC725A8B6440051CD11 /* Base */ = {isa = PBXFileReference; lastKnownFileType = file.storyboard; name = Base; path = Base.lproj/LaunchScreen.storyboard; sourceTree = "<group>"; };
		7CEDBAC925A8B6440051CD11 /* Info.plist */ = {isa = PBXFileReference; lastKnownFileType = text.plist.xml; path = Info.plist; sourceTree = "<group>"; };
		7CEDBACE25A8B6440051CD11 /* TMDBTests.xctest */ = {isa = PBXFileReference; explicitFileType = wrapper.cfbundle; includeInIndex = 0; path = TMDBTests.xctest; sourceTree = BUILT_PRODUCTS_DIR; };
		7CEDBAD225A8B6440051CD11 /* TMDBTests.swift */ = {isa = PBXFileReference; lastKnownFileType = sourcecode.swift; path = TMDBTests.swift; sourceTree = "<group>"; };
		7CEDBAD425A8B6440051CD11 /* Info.plist */ = {isa = PBXFileReference; lastKnownFileType = text.plist.xml; path = Info.plist; sourceTree = "<group>"; };
		7CEDBAD925A8B6440051CD11 /* TMDBUITests.xctest */ = {isa = PBXFileReference; explicitFileType = wrapper.cfbundle; includeInIndex = 0; path = TMDBUITests.xctest; sourceTree = BUILT_PRODUCTS_DIR; };
		7CEDBADD25A8B6440051CD11 /* TMDBUITests.swift */ = {isa = PBXFileReference; lastKnownFileType = sourcecode.swift; path = TMDBUITests.swift; sourceTree = "<group>"; };
		7CEDBADF25A8B6440051CD11 /* Info.plist */ = {isa = PBXFileReference; lastKnownFileType = text.plist.xml; path = Info.plist; sourceTree = "<group>"; };
		7CEE7E7F25B9D75D006456E5 /* GoogleService-Info.plist */ = {isa = PBXFileReference; fileEncoding = 4; lastKnownFileType = text.plist.xml; path = "GoogleService-Info.plist"; sourceTree = "<group>"; };
		8F49FA5330B954D00DABA58C /* Pods-TMDB.release.xcconfig */ = {isa = PBXFileReference; includeInIndex = 1; lastKnownFileType = text.xcconfig; name = "Pods-TMDB.release.xcconfig"; path = "Target Support Files/Pods-TMDB/Pods-TMDB.release.xcconfig"; sourceTree = "<group>"; };
		917AA687594359E062C2F14B /* Pods-TMDB-TMDBUITests.debug.xcconfig */ = {isa = PBXFileReference; includeInIndex = 1; lastKnownFileType = text.xcconfig; name = "Pods-TMDB-TMDBUITests.debug.xcconfig"; path = "Target Support Files/Pods-TMDB-TMDBUITests/Pods-TMDB-TMDBUITests.debug.xcconfig"; sourceTree = "<group>"; };
		A6CA6E688ED0535615C2CC71 /* Pods_TMDBTests.framework */ = {isa = PBXFileReference; explicitFileType = wrapper.framework; includeInIndex = 0; path = Pods_TMDBTests.framework; sourceTree = BUILT_PRODUCTS_DIR; };
		E59D40098939BF22E8FD9F6A /* Pods-TMDBTests.debug.xcconfig */ = {isa = PBXFileReference; includeInIndex = 1; lastKnownFileType = text.xcconfig; name = "Pods-TMDBTests.debug.xcconfig"; path = "Target Support Files/Pods-TMDBTests/Pods-TMDBTests.debug.xcconfig"; sourceTree = "<group>"; };
/* End PBXFileReference section */

/* Begin PBXFrameworksBuildPhase section */
		7CEDBAB225A8B6430051CD11 /* Frameworks */ = {
			isa = PBXFrameworksBuildPhase;
			buildActionMask = 2147483647;
			files = (
				2C8AE49E29DF60E6CEC44DC3 /* Pods_TMDB.framework in Frameworks */,
			);
			runOnlyForDeploymentPostprocessing = 0;
		};
		7CEDBACB25A8B6440051CD11 /* Frameworks */ = {
			isa = PBXFrameworksBuildPhase;
			buildActionMask = 2147483647;
			files = (
				19AC63633B0EB4FFB199F16A /* Pods_TMDBTests.framework in Frameworks */,
			);
			runOnlyForDeploymentPostprocessing = 0;
		};
		7CEDBAD625A8B6440051CD11 /* Frameworks */ = {
			isa = PBXFrameworksBuildPhase;
			buildActionMask = 2147483647;
			files = (
				107230C4E989319A22B97E96 /* Pods_TMDB_TMDBUITests.framework in Frameworks */,
			);
			runOnlyForDeploymentPostprocessing = 0;
		};
/* End PBXFrameworksBuildPhase section */

/* Begin PBXGroup section */
		4699D6F3B9C592E483C143AD /* Pods */ = {
			isa = PBXGroup;
			children = (
				381A8EB4CB71E2F11480FB4D /* Pods-TMDB.debug.xcconfig */,
				8F49FA5330B954D00DABA58C /* Pods-TMDB.release.xcconfig */,
				917AA687594359E062C2F14B /* Pods-TMDB-TMDBUITests.debug.xcconfig */,
				6E7D09014AEB5BEB90C5B18A /* Pods-TMDB-TMDBUITests.release.xcconfig */,
				E59D40098939BF22E8FD9F6A /* Pods-TMDBTests.debug.xcconfig */,
				35A7876087ADC7CD06CDEA66 /* Pods-TMDBTests.release.xcconfig */,
			);
			path = Pods;
			sourceTree = "<group>";
		};
		7C90D4F025BA292F00C015F8 /* Constants */ = {
			isa = PBXGroup;
			children = (
				7C90D4F125BA293A00C015F8 /* Constants.swift */,
			);
			path = Constants;
			sourceTree = "<group>";
		};
		7CEDBAAC25A8B6430051CD11 = {
			isa = PBXGroup;
			children = (
				7CEDBAB725A8B6430051CD11 /* TMDB */,
				7CEDBAD125A8B6440051CD11 /* TMDBTests */,
				7CEDBADC25A8B6440051CD11 /* TMDBUITests */,
				7CEDBAB625A8B6430051CD11 /* Products */,
				4699D6F3B9C592E483C143AD /* Pods */,
				91935721C7F46B8764693D3A /* Frameworks */,
			);
			sourceTree = "<group>";
		};
		7CEDBAB625A8B6430051CD11 /* Products */ = {
			isa = PBXGroup;
			children = (
				7CEDBAB525A8B6430051CD11 /* TMDB.app */,
				7CEDBACE25A8B6440051CD11 /* TMDBTests.xctest */,
				7CEDBAD925A8B6440051CD11 /* TMDBUITests.xctest */,
			);
			name = Products;
			sourceTree = "<group>";
		};
		7CEDBAB725A8B6430051CD11 /* TMDB */ = {
			isa = PBXGroup;
			children = (
				7C90D4F025BA292F00C015F8 /* Constants */,
				7CEDBAF025A8B7A30051CD11 /* Model */,
				7CEDBAEF25A8B79C0051CD11 /* View */,
				7CEDBAEE25A8B7910051CD11 /* Controller */,
				7CEDBAB825A8B6430051CD11 /* AppDelegate.swift */,
				7CEDBABA25A8B6430051CD11 /* SceneDelegate.swift */,
				7CEDBAC425A8B6440051CD11 /* Assets.xcassets */,
				7CEDBAC925A8B6440051CD11 /* Info.plist */,
				7CEDBAC125A8B6430051CD11 /* TMDB.xcdatamodeld */,
				7CEE7E7F25B9D75D006456E5 /* GoogleService-Info.plist */,
			);
			path = TMDB;
			sourceTree = "<group>";
		};
		7CEDBAD125A8B6440051CD11 /* TMDBTests */ = {
			isa = PBXGroup;
			children = (
				7CEDBAD225A8B6440051CD11 /* TMDBTests.swift */,
				7CEDBAD425A8B6440051CD11 /* Info.plist */,
			);
			path = TMDBTests;
			sourceTree = "<group>";
		};
		7CEDBADC25A8B6440051CD11 /* TMDBUITests */ = {
			isa = PBXGroup;
			children = (
				7CEDBADD25A8B6440051CD11 /* TMDBUITests.swift */,
				7CEDBADF25A8B6440051CD11 /* Info.plist */,
			);
			path = TMDBUITests;
			sourceTree = "<group>";
		};
		7CEDBAEE25A8B7910051CD11 /* Controller */ = {
			isa = PBXGroup;
			children = (
				7CEDBABC25A8B6430051CD11 /* ViewController.swift */,
				7C74F14C25B9E1BC00181619 /* RegisterVC.swift */,
				7C74F15125B9E3CD00181619 /* LoginVC.swift */,
			);
			path = Controller;
			sourceTree = "<group>";
		};
		7CEDBAEF25A8B79C0051CD11 /* View */ = {
			isa = PBXGroup;
			children = (
				7CEDBAC625A8B6440051CD11 /* LaunchScreen.storyboard */,
				7CEDBABE25A8B6430051CD11 /* Main.storyboard */,
			);
			path = View;
			sourceTree = "<group>";
		};
		7CEDBAF025A8B7A30051CD11 /* Model */ = {
			isa = PBXGroup;
			children = (
			);
			path = Model;
			sourceTree = "<group>";
		};
		91935721C7F46B8764693D3A /* Frameworks */ = {
			isa = PBXGroup;
			children = (
				1A1DCAE09566687908A77977 /* Pods_TMDB.framework */,
				034FB0EEF249F34BB2C4A447 /* Pods_TMDB_TMDBUITests.framework */,
				A6CA6E688ED0535615C2CC71 /* Pods_TMDBTests.framework */,
			);
			name = Frameworks;
			sourceTree = "<group>";
		};
/* End PBXGroup section */

/* Begin PBXNativeTarget section */
		7CEDBAB425A8B6430051CD11 /* TMDB */ = {
			isa = PBXNativeTarget;
			buildConfigurationList = 7CEDBAE225A8B6440051CD11 /* Build configuration list for PBXNativeTarget "TMDB" */;
			buildPhases = (
				4BBBE0DA7D78E73AFB9665F6 /* [CP] Check Pods Manifest.lock */,
				7CEDBAB125A8B6430051CD11 /* Sources */,
				7CEDBAB225A8B6430051CD11 /* Frameworks */,
				7CEDBAB325A8B6430051CD11 /* Resources */,
				EBC0AC17ADDC164A78E9CF42 /* [CP] Embed Pods Frameworks */,
			);
			buildRules = (
			);
			dependencies = (
			);
			name = TMDB;
			productName = TMDB;
			productReference = 7CEDBAB525A8B6430051CD11 /* TMDB.app */;
			productType = "com.apple.product-type.application";
		};
		7CEDBACD25A8B6440051CD11 /* TMDBTests */ = {
			isa = PBXNativeTarget;
			buildConfigurationList = 7CEDBAE525A8B6440051CD11 /* Build configuration list for PBXNativeTarget "TMDBTests" */;
			buildPhases = (
				A7DD3DF30219F99140AF4C0A /* [CP] Check Pods Manifest.lock */,
				7CEDBACA25A8B6440051CD11 /* Sources */,
				7CEDBACB25A8B6440051CD11 /* Frameworks */,
				7CEDBACC25A8B6440051CD11 /* Resources */,
			);
			buildRules = (
			);
			dependencies = (
				7CEDBAD025A8B6440051CD11 /* PBXTargetDependency */,
			);
			name = TMDBTests;
			productName = TMDBTests;
			productReference = 7CEDBACE25A8B6440051CD11 /* TMDBTests.xctest */;
			productType = "com.apple.product-type.bundle.unit-test";
		};
		7CEDBAD825A8B6440051CD11 /* TMDBUITests */ = {
			isa = PBXNativeTarget;
			buildConfigurationList = 7CEDBAE825A8B6440051CD11 /* Build configuration list for PBXNativeTarget "TMDBUITests" */;
			buildPhases = (
				31E5C97A635B29E513733860 /* [CP] Check Pods Manifest.lock */,
				7CEDBAD525A8B6440051CD11 /* Sources */,
				7CEDBAD625A8B6440051CD11 /* Frameworks */,
				7CEDBAD725A8B6440051CD11 /* Resources */,
				CB06E6B5AC3ED63AA9436A22 /* [CP] Embed Pods Frameworks */,
			);
			buildRules = (
			);
			dependencies = (
				7CEDBADB25A8B6440051CD11 /* PBXTargetDependency */,
			);
			name = TMDBUITests;
			productName = TMDBUITests;
			productReference = 7CEDBAD925A8B6440051CD11 /* TMDBUITests.xctest */;
			productType = "com.apple.product-type.bundle.ui-testing";
		};
/* End PBXNativeTarget section */

/* Begin PBXProject section */
		7CEDBAAD25A8B6430051CD11 /* Project object */ = {
			isa = PBXProject;
			attributes = {
				LastSwiftUpdateCheck = 1220;
				LastUpgradeCheck = 1220;
				TargetAttributes = {
					7CEDBAB425A8B6430051CD11 = {
						CreatedOnToolsVersion = 12.2;
					};
					7CEDBACD25A8B6440051CD11 = {
						CreatedOnToolsVersion = 12.2;
						TestTargetID = 7CEDBAB425A8B6430051CD11;
					};
					7CEDBAD825A8B6440051CD11 = {
						CreatedOnToolsVersion = 12.2;
						TestTargetID = 7CEDBAB425A8B6430051CD11;
					};
				};
			};
			buildConfigurationList = 7CEDBAB025A8B6430051CD11 /* Build configuration list for PBXProject "TMDB" */;
			compatibilityVersion = "Xcode 9.3";
			developmentRegion = en;
			hasScannedForEncodings = 0;
			knownRegions = (
				en,
				Base,
			);
			mainGroup = 7CEDBAAC25A8B6430051CD11;
			productRefGroup = 7CEDBAB625A8B6430051CD11 /* Products */;
			projectDirPath = "";
			projectRoot = "";
			targets = (
				7CEDBAB425A8B6430051CD11 /* TMDB */,
				7CEDBACD25A8B6440051CD11 /* TMDBTests */,
				7CEDBAD825A8B6440051CD11 /* TMDBUITests */,
			);
		};
/* End PBXProject section */

/* Begin PBXResourcesBuildPhase section */
		7CEDBAB325A8B6430051CD11 /* Resources */ = {
			isa = PBXResourcesBuildPhase;
			buildActionMask = 2147483647;
			files = (
				7CEDBAC825A8B6440051CD11 /* LaunchScreen.storyboard in Resources */,
				7CEE7E8025B9D75D006456E5 /* GoogleService-Info.plist in Resources */,
				7CEDBAC525A8B6440051CD11 /* Assets.xcassets in Resources */,
				7CEDBAC025A8B6430051CD11 /* Main.storyboard in Resources */,
			);
			runOnlyForDeploymentPostprocessing = 0;
		};
		7CEDBACC25A8B6440051CD11 /* Resources */ = {
			isa = PBXResourcesBuildPhase;
			buildActionMask = 2147483647;
			files = (
			);
			runOnlyForDeploymentPostprocessing = 0;
		};
		7CEDBAD725A8B6440051CD11 /* Resources */ = {
			isa = PBXResourcesBuildPhase;
			buildActionMask = 2147483647;
			files = (
			);
			runOnlyForDeploymentPostprocessing = 0;
		};
/* End PBXResourcesBuildPhase section */

/* Begin PBXShellScriptBuildPhase section */
		31E5C97A635B29E513733860 /* [CP] Check Pods Manifest.lock */ = {
			isa = PBXShellScriptBuildPhase;
			buildActionMask = 2147483647;
			files = (
			);
			inputFileListPaths = (
			);
			inputPaths = (
				"${PODS_PODFILE_DIR_PATH}/Podfile.lock",
				"${PODS_ROOT}/Manifest.lock",
			);
			name = "[CP] Check Pods Manifest.lock";
			outputFileListPaths = (
			);
			outputPaths = (
				"$(DERIVED_FILE_DIR)/Pods-TMDB-TMDBUITests-checkManifestLockResult.txt",
			);
			runOnlyForDeploymentPostprocessing = 0;
			shellPath = /bin/sh;
			shellScript = "diff \"${PODS_PODFILE_DIR_PATH}/Podfile.lock\" \"${PODS_ROOT}/Manifest.lock\" > /dev/null\nif [ $? != 0 ] ; then\n    # print error to STDERR\n    echo \"error: The sandbox is not in sync with the Podfile.lock. Run 'pod install' or update your CocoaPods installation.\" >&2\n    exit 1\nfi\n# This output is used by Xcode 'outputs' to avoid re-running this script phase.\necho \"SUCCESS\" > \"${SCRIPT_OUTPUT_FILE_0}\"\n";
			showEnvVarsInLog = 0;
		};
		4BBBE0DA7D78E73AFB9665F6 /* [CP] Check Pods Manifest.lock */ = {
			isa = PBXShellScriptBuildPhase;
			buildActionMask = 2147483647;
			files = (
			);
			inputFileListPaths = (
			);
			inputPaths = (
				"${PODS_PODFILE_DIR_PATH}/Podfile.lock",
				"${PODS_ROOT}/Manifest.lock",
			);
			name = "[CP] Check Pods Manifest.lock";
			outputFileListPaths = (
			);
			outputPaths = (
				"$(DERIVED_FILE_DIR)/Pods-TMDB-checkManifestLockResult.txt",
			);
			runOnlyForDeploymentPostprocessing = 0;
			shellPath = /bin/sh;
			shellScript = "diff \"${PODS_PODFILE_DIR_PATH}/Podfile.lock\" \"${PODS_ROOT}/Manifest.lock\" > /dev/null\nif [ $? != 0 ] ; then\n    # print error to STDERR\n    echo \"error: The sandbox is not in sync with the Podfile.lock. Run 'pod install' or update your CocoaPods installation.\" >&2\n    exit 1\nfi\n# This output is used by Xcode 'outputs' to avoid re-running this script phase.\necho \"SUCCESS\" > \"${SCRIPT_OUTPUT_FILE_0}\"\n";
			showEnvVarsInLog = 0;
		};
		A7DD3DF30219F99140AF4C0A /* [CP] Check Pods Manifest.lock */ = {
			isa = PBXShellScriptBuildPhase;
			buildActionMask = 2147483647;
			files = (
			);
			inputFileListPaths = (
			);
			inputPaths = (
				"${PODS_PODFILE_DIR_PATH}/Podfile.lock",
				"${PODS_ROOT}/Manifest.lock",
			);
			name = "[CP] Check Pods Manifest.lock";
			outputFileListPaths = (
			);
			outputPaths = (
				"$(DERIVED_FILE_DIR)/Pods-TMDBTests-checkManifestLockResult.txt",
			);
			runOnlyForDeploymentPostprocessing = 0;
			shellPath = /bin/sh;
			shellScript = "diff \"${PODS_PODFILE_DIR_PATH}/Podfile.lock\" \"${PODS_ROOT}/Manifest.lock\" > /dev/null\nif [ $? != 0 ] ; then\n    # print error to STDERR\n    echo \"error: The sandbox is not in sync with the Podfile.lock. Run 'pod install' or update your CocoaPods installation.\" >&2\n    exit 1\nfi\n# This output is used by Xcode 'outputs' to avoid re-running this script phase.\necho \"SUCCESS\" > \"${SCRIPT_OUTPUT_FILE_0}\"\n";
			showEnvVarsInLog = 0;
		};
		CB06E6B5AC3ED63AA9436A22 /* [CP] Embed Pods Frameworks */ = {
			isa = PBXShellScriptBuildPhase;
			buildActionMask = 2147483647;
			files = (
			);
			inputFileListPaths = (
				"${PODS_ROOT}/Target Support Files/Pods-TMDB-TMDBUITests/Pods-TMDB-TMDBUITests-frameworks-${CONFIGURATION}-input-files.xcfilelist",
			);
			name = "[CP] Embed Pods Frameworks";
			outputFileListPaths = (
				"${PODS_ROOT}/Target Support Files/Pods-TMDB-TMDBUITests/Pods-TMDB-TMDBUITests-frameworks-${CONFIGURATION}-output-files.xcfilelist",
			);
			runOnlyForDeploymentPostprocessing = 0;
			shellPath = /bin/sh;
			shellScript = "\"${PODS_ROOT}/Target Support Files/Pods-TMDB-TMDBUITests/Pods-TMDB-TMDBUITests-frameworks.sh\"\n";
			showEnvVarsInLog = 0;
		};
		EBC0AC17ADDC164A78E9CF42 /* [CP] Embed Pods Frameworks */ = {
			isa = PBXShellScriptBuildPhase;
			buildActionMask = 2147483647;
			files = (
			);
			inputFileListPaths = (
				"${PODS_ROOT}/Target Support Files/Pods-TMDB/Pods-TMDB-frameworks-${CONFIGURATION}-input-files.xcfilelist",
			);
			name = "[CP] Embed Pods Frameworks";
			outputFileListPaths = (
				"${PODS_ROOT}/Target Support Files/Pods-TMDB/Pods-TMDB-frameworks-${CONFIGURATION}-output-files.xcfilelist",
			);
			runOnlyForDeploymentPostprocessing = 0;
			shellPath = /bin/sh;
			shellScript = "\"${PODS_ROOT}/Target Support Files/Pods-TMDB/Pods-TMDB-frameworks.sh\"\n";
			showEnvVarsInLog = 0;
		};
/* End PBXShellScriptBuildPhase section */

/* Begin PBXSourcesBuildPhase section */
		7CEDBAB125A8B6430051CD11 /* Sources */ = {
			isa = PBXSourcesBuildPhase;
			buildActionMask = 2147483647;
			files = (
				7CEDBAC325A8B6430051CD11 /* TMDB.xcdatamodeld in Sources */,
				7CEDBABD25A8B6430051CD11 /* ViewController.swift in Sources */,
				7C74F15225B9E3CD00181619 /* LoginVC.swift in Sources */,
				7CEDBAB925A8B6430051CD11 /* AppDelegate.swift in Sources */,
				7C90D4F225BA293A00C015F8 /* Constants.swift in Sources */,
				7CEDBABB25A8B6430051CD11 /* SceneDelegate.swift in Sources */,
				7C74F14D25B9E1BC00181619 /* RegisterVC.swift in Sources */,
			);
			runOnlyForDeploymentPostprocessing = 0;
		};
		7CEDBACA25A8B6440051CD11 /* Sources */ = {
			isa = PBXSourcesBuildPhase;
			buildActionMask = 2147483647;
			files = (
				7CEDBAD325A8B6440051CD11 /* TMDBTests.swift in Sources */,
			);
			runOnlyForDeploymentPostprocessing = 0;
		};
		7CEDBAD525A8B6440051CD11 /* Sources */ = {
			isa = PBXSourcesBuildPhase;
			buildActionMask = 2147483647;
			files = (
				7CEDBADE25A8B6440051CD11 /* TMDBUITests.swift in Sources */,
			);
			runOnlyForDeploymentPostprocessing = 0;
		};
/* End PBXSourcesBuildPhase section */

/* Begin PBXTargetDependency section */
		7CEDBAD025A8B6440051CD11 /* PBXTargetDependency */ = {
			isa = PBXTargetDependency;
			target = 7CEDBAB425A8B6430051CD11 /* TMDB */;
			targetProxy = 7CEDBACF25A8B6440051CD11 /* PBXContainerItemProxy */;
		};
		7CEDBADB25A8B6440051CD11 /* PBXTargetDependency */ = {
			isa = PBXTargetDependency;
			target = 7CEDBAB425A8B6430051CD11 /* TMDB */;
			targetProxy = 7CEDBADA25A8B6440051CD11 /* PBXContainerItemProxy */;
		};
/* End PBXTargetDependency section */

/* Begin PBXVariantGroup section */
		7CEDBABE25A8B6430051CD11 /* Main.storyboard */ = {
			isa = PBXVariantGroup;
			children = (
				7CEDBABF25A8B6430051CD11 /* Base */,
			);
			name = Main.storyboard;
			sourceTree = "<group>";
		};
		7CEDBAC625A8B6440051CD11 /* LaunchScreen.storyboard */ = {
			isa = PBXVariantGroup;
			children = (
				7CEDBAC725A8B6440051CD11 /* Base */,
			);
			name = LaunchScreen.storyboard;
			sourceTree = "<group>";
		};
/* End PBXVariantGroup section */

/* Begin XCBuildConfiguration section */
		7CEDBAE025A8B6440051CD11 /* Debug */ = {
			isa = XCBuildConfiguration;
			buildSettings = {
				ALWAYS_SEARCH_USER_PATHS = NO;
				CLANG_ANALYZER_NONNULL = YES;
				CLANG_ANALYZER_NUMBER_OBJECT_CONVERSION = YES_AGGRESSIVE;
				CLANG_CXX_LANGUAGE_STANDARD = "gnu++14";
				CLANG_CXX_LIBRARY = "libc++";
				CLANG_ENABLE_MODULES = YES;
				CLANG_ENABLE_OBJC_ARC = YES;
				CLANG_ENABLE_OBJC_WEAK = YES;
				CLANG_WARN_BLOCK_CAPTURE_AUTORELEASING = YES;
				CLANG_WARN_BOOL_CONVERSION = YES;
				CLANG_WARN_COMMA = YES;
				CLANG_WARN_CONSTANT_CONVERSION = YES;
				CLANG_WARN_DEPRECATED_OBJC_IMPLEMENTATIONS = YES;
				CLANG_WARN_DIRECT_OBJC_ISA_USAGE = YES_ERROR;
				CLANG_WARN_DOCUMENTATION_COMMENTS = YES;
				CLANG_WARN_EMPTY_BODY = YES;
				CLANG_WARN_ENUM_CONVERSION = YES;
				CLANG_WARN_INFINITE_RECURSION = YES;
				CLANG_WARN_INT_CONVERSION = YES;
				CLANG_WARN_NON_LITERAL_NULL_CONVERSION = YES;
				CLANG_WARN_OBJC_IMPLICIT_RETAIN_SELF = YES;
				CLANG_WARN_OBJC_LITERAL_CONVERSION = YES;
				CLANG_WARN_OBJC_ROOT_CLASS = YES_ERROR;
				CLANG_WARN_QUOTED_INCLUDE_IN_FRAMEWORK_HEADER = YES;
				CLANG_WARN_RANGE_LOOP_ANALYSIS = YES;
				CLANG_WARN_STRICT_PROTOTYPES = YES;
				CLANG_WARN_SUSPICIOUS_MOVE = YES;
				CLANG_WARN_UNGUARDED_AVAILABILITY = YES_AGGRESSIVE;
				CLANG_WARN_UNREACHABLE_CODE = YES;
				CLANG_WARN__DUPLICATE_METHOD_MATCH = YES;
				COPY_PHASE_STRIP = NO;
				DEBUG_INFORMATION_FORMAT = dwarf;
				ENABLE_STRICT_OBJC_MSGSEND = YES;
				ENABLE_TESTABILITY = YES;
				GCC_C_LANGUAGE_STANDARD = gnu11;
				GCC_DYNAMIC_NO_PIC = NO;
				GCC_NO_COMMON_BLOCKS = YES;
				GCC_OPTIMIZATION_LEVEL = 0;
				GCC_PREPROCESSOR_DEFINITIONS = (
					"DEBUG=1",
					"$(inherited)",
				);
				GCC_WARN_64_TO_32_BIT_CONVERSION = YES;
				GCC_WARN_ABOUT_RETURN_TYPE = YES_ERROR;
				GCC_WARN_UNDECLARED_SELECTOR = YES;
				GCC_WARN_UNINITIALIZED_AUTOS = YES_AGGRESSIVE;
				GCC_WARN_UNUSED_FUNCTION = YES;
				GCC_WARN_UNUSED_VARIABLE = YES;
				IPHONEOS_DEPLOYMENT_TARGET = 14.2;
				MTL_ENABLE_DEBUG_INFO = INCLUDE_SOURCE;
				MTL_FAST_MATH = YES;
				ONLY_ACTIVE_ARCH = YES;
				SDKROOT = iphoneos;
				SWIFT_ACTIVE_COMPILATION_CONDITIONS = DEBUG;
				SWIFT_OPTIMIZATION_LEVEL = "-Onone";
			};
			name = Debug;
		};
		7CEDBAE125A8B6440051CD11 /* Release */ = {
			isa = XCBuildConfiguration;
			buildSettings = {
				ALWAYS_SEARCH_USER_PATHS = NO;
				CLANG_ANALYZER_NONNULL = YES;
				CLANG_ANALYZER_NUMBER_OBJECT_CONVERSION = YES_AGGRESSIVE;
				CLANG_CXX_LANGUAGE_STANDARD = "gnu++14";
				CLANG_CXX_LIBRARY = "libc++";
				CLANG_ENABLE_MODULES = YES;
				CLANG_ENABLE_OBJC_ARC = YES;
				CLANG_ENABLE_OBJC_WEAK = YES;
				CLANG_WARN_BLOCK_CAPTURE_AUTORELEASING = YES;
				CLANG_WARN_BOOL_CONVERSION = YES;
				CLANG_WARN_COMMA = YES;
				CLANG_WARN_CONSTANT_CONVERSION = YES;
				CLANG_WARN_DEPRECATED_OBJC_IMPLEMENTATIONS = YES;
				CLANG_WARN_DIRECT_OBJC_ISA_USAGE = YES_ERROR;
				CLANG_WARN_DOCUMENTATION_COMMENTS = YES;
				CLANG_WARN_EMPTY_BODY = YES;
				CLANG_WARN_ENUM_CONVERSION = YES;
				CLANG_WARN_INFINITE_RECURSION = YES;
				CLANG_WARN_INT_CONVERSION = YES;
				CLANG_WARN_NON_LITERAL_NULL_CONVERSION = YES;
				CLANG_WARN_OBJC_IMPLICIT_RETAIN_SELF = YES;
				CLANG_WARN_OBJC_LITERAL_CONVERSION = YES;
				CLANG_WARN_OBJC_ROOT_CLASS = YES_ERROR;
				CLANG_WARN_QUOTED_INCLUDE_IN_FRAMEWORK_HEADER = YES;
				CLANG_WARN_RANGE_LOOP_ANALYSIS = YES;
				CLANG_WARN_STRICT_PROTOTYPES = YES;
				CLANG_WARN_SUSPICIOUS_MOVE = YES;
				CLANG_WARN_UNGUARDED_AVAILABILITY = YES_AGGRESSIVE;
				CLANG_WARN_UNREACHABLE_CODE = YES;
				CLANG_WARN__DUPLICATE_METHOD_MATCH = YES;
				COPY_PHASE_STRIP = NO;
				DEBUG_INFORMATION_FORMAT = "dwarf-with-dsym";
				ENABLE_NS_ASSERTIONS = NO;
				ENABLE_STRICT_OBJC_MSGSEND = YES;
				GCC_C_LANGUAGE_STANDARD = gnu11;
				GCC_NO_COMMON_BLOCKS = YES;
				GCC_WARN_64_TO_32_BIT_CONVERSION = YES;
				GCC_WARN_ABOUT_RETURN_TYPE = YES_ERROR;
				GCC_WARN_UNDECLARED_SELECTOR = YES;
				GCC_WARN_UNINITIALIZED_AUTOS = YES_AGGRESSIVE;
				GCC_WARN_UNUSED_FUNCTION = YES;
				GCC_WARN_UNUSED_VARIABLE = YES;
				IPHONEOS_DEPLOYMENT_TARGET = 14.2;
				MTL_ENABLE_DEBUG_INFO = NO;
				MTL_FAST_MATH = YES;
				SDKROOT = iphoneos;
				SWIFT_COMPILATION_MODE = wholemodule;
				SWIFT_OPTIMIZATION_LEVEL = "-O";
				VALIDATE_PRODUCT = YES;
			};
			name = Release;
		};
		7CEDBAE325A8B6440051CD11 /* Debug */ = {
			isa = XCBuildConfiguration;
			baseConfigurationReference = 381A8EB4CB71E2F11480FB4D /* Pods-TMDB.debug.xcconfig */;
			buildSettings = {
				ASSETCATALOG_COMPILER_APPICON_NAME = AppIcon;
				ASSETCATALOG_COMPILER_GLOBAL_ACCENT_COLOR_NAME = AccentColor;
				CODE_SIGN_STYLE = Automatic;
				INFOPLIST_FILE = TMDB/Info.plist;
				LD_RUNPATH_SEARCH_PATHS = (
					"$(inherited)",
					"@executable_path/Frameworks",
				);
				PRODUCT_BUNDLE_IDENTIFIER = N.TMDB;
				PRODUCT_NAME = "$(TARGET_NAME)";
				SWIFT_VERSION = 5.0;
				TARGETED_DEVICE_FAMILY = "1,2";
			};
			name = Debug;
		};
		7CEDBAE425A8B6440051CD11 /* Release */ = {
			isa = XCBuildConfiguration;
			baseConfigurationReference = 8F49FA5330B954D00DABA58C /* Pods-TMDB.release.xcconfig */;
			buildSettings = {
				ASSETCATALOG_COMPILER_APPICON_NAME = AppIcon;
				ASSETCATALOG_COMPILER_GLOBAL_ACCENT_COLOR_NAME = AccentColor;
				CODE_SIGN_STYLE = Automatic;
				INFOPLIST_FILE = TMDB/Info.plist;
				LD_RUNPATH_SEARCH_PATHS = (
					"$(inherited)",
					"@executable_path/Frameworks",
				);
				PRODUCT_BUNDLE_IDENTIFIER = N.TMDB;
				PRODUCT_NAME = "$(TARGET_NAME)";
				SWIFT_VERSION = 5.0;
				TARGETED_DEVICE_FAMILY = "1,2";
			};
			name = Release;
		};
		7CEDBAE625A8B6440051CD11 /* Debug */ = {
			isa = XCBuildConfiguration;
			baseConfigurationReference = E59D40098939BF22E8FD9F6A /* Pods-TMDBTests.debug.xcconfig */;
			buildSettings = {
				ALWAYS_EMBED_SWIFT_STANDARD_LIBRARIES = YES;
				BUNDLE_LOADER = "$(TEST_HOST)";
				CODE_SIGN_STYLE = Automatic;
				INFOPLIST_FILE = TMDBTests/Info.plist;
				IPHONEOS_DEPLOYMENT_TARGET = 14.2;
				LD_RUNPATH_SEARCH_PATHS = (
					"$(inherited)",
					"@executable_path/Frameworks",
					"@loader_path/Frameworks",
				);
				PRODUCT_BUNDLE_IDENTIFIER = N.TMDBTests;
				PRODUCT_NAME = "$(TARGET_NAME)";
				SWIFT_VERSION = 5.0;
				TARGETED_DEVICE_FAMILY = "1,2";
				TEST_HOST = "$(BUILT_PRODUCTS_DIR)/TMDB.app/TMDB";
			};
			name = Debug;
		};
		7CEDBAE725A8B6440051CD11 /* Release */ = {
			isa = XCBuildConfiguration;
			baseConfigurationReference = 35A7876087ADC7CD06CDEA66 /* Pods-TMDBTests.release.xcconfig */;
			buildSettings = {
				ALWAYS_EMBED_SWIFT_STANDARD_LIBRARIES = YES;
				BUNDLE_LOADER = "$(TEST_HOST)";
				CODE_SIGN_STYLE = Automatic;
				INFOPLIST_FILE = TMDBTests/Info.plist;
				IPHONEOS_DEPLOYMENT_TARGET = 14.2;
				LD_RUNPATH_SEARCH_PATHS = (
					"$(inherited)",
					"@executable_path/Frameworks",
					"@loader_path/Frameworks",
				);
				PRODUCT_BUNDLE_IDENTIFIER = N.TMDBTests;
				PRODUCT_NAME = "$(TARGET_NAME)";
				SWIFT_VERSION = 5.0;
				TARGETED_DEVICE_FAMILY = "1,2";
				TEST_HOST = "$(BUILT_PRODUCTS_DIR)/TMDB.app/TMDB";
			};
			name = Release;
		};
		7CEDBAE925A8B6440051CD11 /* Debug */ = {
			isa = XCBuildConfiguration;
			baseConfigurationReference = 917AA687594359E062C2F14B /* Pods-TMDB-TMDBUITests.debug.xcconfig */;
			buildSettings = {
				ALWAYS_EMBED_SWIFT_STANDARD_LIBRARIES = YES;
				CODE_SIGN_STYLE = Automatic;
				INFOPLIST_FILE = TMDBUITests/Info.plist;
				LD_RUNPATH_SEARCH_PATHS = (
					"$(inherited)",
					"@executable_path/Frameworks",
					"@loader_path/Frameworks",
				);
				PRODUCT_BUNDLE_IDENTIFIER = N.TMDBUITests;
				PRODUCT_NAME = "$(TARGET_NAME)";
				SWIFT_VERSION = 5.0;
				TARGETED_DEVICE_FAMILY = "1,2";
				TEST_TARGET_NAME = TMDB;
			};
			name = Debug;
		};
		7CEDBAEA25A8B6440051CD11 /* Release */ = {
			isa = XCBuildConfiguration;
			baseConfigurationReference = 6E7D09014AEB5BEB90C5B18A /* Pods-TMDB-TMDBUITests.release.xcconfig */;
			buildSettings = {
				ALWAYS_EMBED_SWIFT_STANDARD_LIBRARIES = YES;
				CODE_SIGN_STYLE = Automatic;
				INFOPLIST_FILE = TMDBUITests/Info.plist;
				LD_RUNPATH_SEARCH_PATHS = (
					"$(inherited)",
					"@executable_path/Frameworks",
					"@loader_path/Frameworks",
				);
				PRODUCT_BUNDLE_IDENTIFIER = N.TMDBUITests;
				PRODUCT_NAME = "$(TARGET_NAME)";
				SWIFT_VERSION = 5.0;
				TARGETED_DEVICE_FAMILY = "1,2";
				TEST_TARGET_NAME = TMDB;
			};
			name = Release;
		};
/* End XCBuildConfiguration section */

/* Begin XCConfigurationList section */
		7CEDBAB025A8B6430051CD11 /* Build configuration list for PBXProject "TMDB" */ = {
			isa = XCConfigurationList;
			buildConfigurations = (
				7CEDBAE025A8B6440051CD11 /* Debug */,
				7CEDBAE125A8B6440051CD11 /* Release */,
			);
			defaultConfigurationIsVisible = 0;
			defaultConfigurationName = Release;
		};
		7CEDBAE225A8B6440051CD11 /* Build configuration list for PBXNativeTarget "TMDB" */ = {
			isa = XCConfigurationList;
			buildConfigurations = (
				7CEDBAE325A8B6440051CD11 /* Debug */,
				7CEDBAE425A8B6440051CD11 /* Release */,
			);
			defaultConfigurationIsVisible = 0;
			defaultConfigurationName = Release;
		};
		7CEDBAE525A8B6440051CD11 /* Build configuration list for PBXNativeTarget "TMDBTests" */ = {
			isa = XCConfigurationList;
			buildConfigurations = (
				7CEDBAE625A8B6440051CD11 /* Debug */,
				7CEDBAE725A8B6440051CD11 /* Release */,
			);
			defaultConfigurationIsVisible = 0;
			defaultConfigurationName = Release;
		};
		7CEDBAE825A8B6440051CD11 /* Build configuration list for PBXNativeTarget "TMDBUITests" */ = {
			isa = XCConfigurationList;
			buildConfigurations = (
				7CEDBAE925A8B6440051CD11 /* Debug */,
				7CEDBAEA25A8B6440051CD11 /* Release */,
			);
			defaultConfigurationIsVisible = 0;
			defaultConfigurationName = Release;
		};
/* End XCConfigurationList section */

/* Begin XCVersionGroup section */
		7CEDBAC125A8B6430051CD11 /* TMDB.xcdatamodeld */ = {
			isa = XCVersionGroup;
			children = (
				7CEDBAC225A8B6430051CD11 /* TMDB.xcdatamodel */,
			);
			currentVersion = 7CEDBAC225A8B6430051CD11 /* TMDB.xcdatamodel */;
			path = TMDB.xcdatamodeld;
			sourceTree = "<group>";
			versionGroupType = wrapper.xcdatamodel;
		};
/* End XCVersionGroup section */
	};
	rootObject = 7CEDBAAD25A8B6430051CD11 /* Project object */;
}
